{
  "nodes": {
    "affinity-nix": {
      "inputs": {
        "elemental-wine-source": "elemental-wine-source",
        "flake-compat": [],
        "flake-parts": [
          "flake-parts"
        ],
        "git-hooks": "git-hooks",
        "nixpkgs": [
          "nixpkgs"
        ],
        "nixpkgs-wine": "nixpkgs-wine",
        "on-linux": "on-linux",
        "plugin-loader": "plugin-loader",
        "treefmt-nix": [
          "treefmt-nix"
        ]
      },
      "locked": {
        "lastModified": 1773962509,
        "narHash": "sha256-DAHcc8ghdDEX+xHPjuKf7qXSL/5G9NqP3mrq5jAKFi0=",
        "owner": "mrshmllow",
        "repo": "affinity-nix",
        "rev": "494090443b8086f14ce851ecba8463800176c1c1",
        "type": "github"
      },
      "original": {
        "owner": "mrshmllow",
        "repo": "affinity-nix",
        "type": "github"
      }
    },
    "disko": {
      "inputs": {
        "nixpkgs": [
          "nixpkgs"
        ]
      },
      "locked": {
        "lastModified": 1773889306,
        "narHash": "sha256-PAqwnsBSI9SVC2QugvQ3xeYCB0otOwCacB1ueQj2tgw=",
        "owner": "nix-community",
        "repo": "disko",
        "rev": "5ad85c82cc52264f4beddc934ba57f3789f28347",
        "type": "github"
      },
      "original": {
        "owner": "nix-community",
        "repo": "disko",
        "type": "github"
      }
    },
    "elemental-wine-source": {
      "flake": false,
      "locked": {
        "host": "gitlab.winehq.org",
        "lastModified": 1722747031,
        "narHash": "sha256-XVhz9p2kgFBoJ376vg8OaFXxcMEjAe9AK1hk0I1rb1Q=",
        "owner": "ElementalWarrior",
        "repo": "wine",
        "rev": "a7c9b19e1a26cf49c63a7c19189a3e2bbe2c6ac2",
        "type": "gitlab"
      },
      "original": {
        "host": "gitlab.winehq.org",
        "owner": "ElementalWarrior",
        "ref": "affinity-photo3-wine9.13-part3",
        "repo": "wine",
        "type": "gitlab"
      }
    },
    "flake-compat": {
      "flake": false,
      "locked": {
        "lastModified": 1767039857,
        "narHash": "sha256-vNpUSpF5Nuw8xvDLj2KCwwksIbjua2LZCqhV1LNRDns=",
        "owner": "NixOS",
        "repo": "flake-compat",
        "rev": "5edf11c44bc78a0d334f6334cdaf7d60d732daab",
        "type": "github"
      },
      "original": {
        "owner": "NixOS",
        "repo": "flake-compat",
        "type": "github"
      }
    },
    "flake-parts": {
      "inputs": {
        "nixpkgs-lib": "nixpkgs-lib"
      },
      "locked": {
        "lastModified": 1772408722,
        "narHash": "sha256-rHuJtdcOjK7rAHpHphUb1iCvgkU3GpfvicLMwwnfMT0=",
        "owner": "hercules-ci",
        "repo": "flake-parts",
        "rev": "f20dc5d9b8027381c474144ecabc9034d6a839a3",
        "type": "github"
      },
      "original": {
        "owner": "hercules-ci",
        "repo": "flake-parts",
        "type": "github"
      }
    },
    "git-hooks": {
      "inputs": {
        "flake-compat": "flake-compat",
        "gitignore": "gitignore",
        "nixpkgs": "nixpkgs"
      },
      "locked": {
        "lastModified": 1769939035,
        "narHash": "sha256-Fok2AmefgVA0+eprw2NDwqKkPGEI5wvR+twiZagBvrg=",
        "owner": "cachix",
        "repo": "git-hooks.nix",
        "rev": "a8ca480175326551d6c4121498316261cbb5b260",
        "type": "github"
      },
      "original": {
        "owner": "cachix",
        "repo": "git-hooks.nix",
        "type": "github"
      }
    },
    "gitignore": {
      "inputs": {
        "nixpkgs": [
          "affinity-nix",
          "git-hooks",
          "nixpkgs"
        ]
      },
      "locked": {
        "lastModified": 1709087332,
        "narHash": "sha256-HG2cCnktfHsKV0s4XW83gU3F57gaTljL9KNSuG6bnQs=",
        "owner": "hercules-ci",
        "repo": "gitignore.nix",
        "rev": "637db329424fd7e46cf4185293b9cc8c88c95394",
        "type": "github"
      },
      "original": {
        "owner": "hercules-ci",
        "repo": "gitignore.nix",
        "type": "github"
      }
    },
    "nixpkgs": {
      "locked": {
        "lastModified": 1764947035,
        "narHash": "sha256-EYHSjVM4Ox4lvCXUMiKKs2vETUSL5mx+J2FfutM7T9w=",
        "owner": "NixOS",
        "repo": "nixpkgs",
        "rev": "a672be65651c80d3f592a89b3945466584a22069",
        "type": "github"
      },
      "original": {
        "owner": "NixOS",
        "ref": "nixpkgs-unstable",
        "repo": "nixpkgs",
        "type": "github"
      }
    },
    "nixpkgs-lib": {
      "locked": {
        "lastModified": 1772328832,
        "narHash": "sha256-e+/T/pmEkLP6BHhYjx6GmwP5ivonQQn0bJdH9YrRB+Q=",
        "owner": "nix-community",
        "repo": "nixpkgs.lib",
        "rev": "c185c7a5e5dd8f9add5b2f8ebeff00888b070742",
        "type": "github"
      },
      "original": {
        "owner": "nix-community",
        "repo": "nixpkgs.lib",
        "type": "github"
      }
    },
    "nixpkgs-wine": {
      "locked": {
        "lastModified": 1735834308,
        "narHash": "sha256-dklw3AXr3OGO4/XT1Tu3Xz9n/we8GctZZ75ZWVqAVhk=",
        "owner": "nixos",
        "repo": "nixpkgs",
        "rev": "6df24922a1400241dae323af55f30e4318a6ca65",
        "type": "github"
      },
      "original": {
        "owner": "nixos",
        "repo": "nixpkgs",
        "rev": "6df24922a1400241dae323af55f30e4318a6ca65",
        "type": "github"
      }
    },
    "nixpkgs_2": {
      "locked": {
        "lastModified": 1773821835,
        "narHash": "sha256-p0tPeJJbg+PKaH741F1CWa9Bf9vf6g02HK9V/g4TkHo=",
        "rev": "b40629efe5d6ec48dd1efba650c797ddbd39ace0",
        "type": "tarball",
        "url": "https://releases.nixos.org/nixos/unstable/nixos-26.05pre964859.b40629efe5d6/nixexprs.tar.xz"
      },
      "original": {
        "type": "tarball",
        "url": "https://nixos.org/channels/nixos-unstable/nixexprs.tar.xz"
      }
    },
    "on-linux": {
      "flake": false,
      "locked": {
        "lastModified": 1769366983,
        "narHash": "sha256-uBLHcm0WP8n4ms7eV05wt4mc9uvUo9OVMM/41lW+u8Q=",
        "owner": "seapear",
        "repo": "AffinityOnLinux",
        "rev": "c3909c9e265f8091b9b0b26d8f51815a0a19e547",
        "type": "github"
      },
      "original": {
        "owner": "seapear",
        "repo": "AffinityOnLinux",
        "type": "github"
      }
    },
    "plugin-loader": {
      "flake": false,
      "locked": {
        "narHash": "sha256-mixBa/xIfSIrSS3+bGqznXxSE6h8s7e2xoJM2g4eXhg=",
        "type": "file",
        "url": "https://github.com/noahc3/AffinityPluginLoader/releases/download/v0.2.0/affinitypluginloader-plus-winefix.tar.xz"
      },
      "original": {
        "type": "file",
        "url": "https://github.com/noahc3/AffinityPluginLoader/releases/download/v0.2.0/affinitypluginloader-plus-winefix.tar.xz"
      }
    },
    "root": {
      "inputs": {
        "affinity-nix": "affinity-nix",
        "disko": "disko",
        "flake-parts": "flake-parts",
        "nixpkgs": "nixpkgs_2",
        "sops-nix": "sops-nix",
        "treefmt-nix": "treefmt-nix",
        "wrappers": "wrappers",
        "zen-browser": "zen-browser"
      }
    },
    "sops-nix": {
      "inputs": {
        "nixpkgs": [
          "nixpkgs"
        ]
      },
      "locked": {
        "lastModified": 1773889674,
        "narHash": "sha256-+ycaiVAk3MEshJTg35cBTUa0MizGiS+bgpYw/f8ohkg=",
        "owner": "Mic92",
        "repo": "sops-nix",
        "rev": "29b6519f3e0780452bca0ac0be4584f04ac16cc5",
        "type": "github"
      },
      "original": {
        "owner": "Mic92",
        "repo": "sops-nix",
        "type": "github"
      }
    },
    "treefmt-nix": {
      "inputs": {
        "nixpkgs": [
          "nixpkgs"
        ]
      },
      "locked": {
        "lastModified": 1773297127,
        "narHash": "sha256-6E/yhXP7Oy/NbXtf1ktzmU8SdVqJQ09HC/48ebEGBpk=",
        "owner": "numtide",
        "repo": "treefmt-nix",
        "rev": "71b125cd05fbfd78cab3e070b73544abe24c5016",
        "type": "github"
      },
      "original": {
        "owner": "numtide",
        "repo": "treefmt-nix",
        "type": "github"
      }
    },
    "wrappers": {
      "inputs": {
        "nixpkgs": [
          "nixpkgs"
        ]
      },
      "locked": {
        "lastModified": 1774098174,
        "narHash": "sha256-KTrndetKnmtUcFyDj0UGR3H8aSyeI2ERS8MMvqR90ms=",
        "owner": "BirdeeHub",
        "repo": "nix-wrapper-modules",
        "rev": "7857357e2cd7c3bfd6e1d1fa6b9db2a373cea420",
        "type": "github"
      },
      "original": {
        "owner": "BirdeeHub",
        "repo": "nix-wrapper-modules",
        "type": "github"
      }
    },
    "zen-browser": {
      "inputs": {
        "nixpkgs": [
          "nixpkgs"
        ]
      },
      "locked": {
        "lastModified": 1773722260,
        "narHash": "sha256-U8MsSiqqYZHR3oKE+cCZ2AJt3b4LcXs+oQuNLipaO78=",
        "owner": "youwen5",
        "repo": "zen-browser-flake",
        "rev": "0e6e43342fb3e9a3439fafa777d8cdf98e4ffc49",
        "type": "github"
      },
      "original": {
        "owner": "youwen5",
        "repo": "zen-browser-flake",
        "type": "github"
      }
    }
  },
  "root": "root",
  "version": 7
}
