name: "Flake.lock: update Nix dependencies"
on:
  workflow_dispatch: # allows manual triggering
  schedule:
    - cron: "0 0 * * *" # runs daily at 00:00
jobs:
  nix-flake-update:
    runs-on: ubuntu-latest
    steps:
      - name: Generate a token
        id: generate-token
        uses: actions/create-github-app-token@v2
        with:
          app-id: ${{ vars.APP_ID }}
          private-key: ${{ secrets.APP_PRIVATE_KEY }}
      - uses: actions/checkout@v6
        # FIXME: Remove the option below once
        # https://github.com/DeterminateSystems/update-flake-lock/issues/223
        # is fixed
        with:
          # NOTE: Needs token for running actions
          token: ${{ steps.generate-token.outputs.token }}
          persist-credentials: false
      - uses: DeterminateSystems/determinate-nix-action@v3
      - uses: DeterminateSystems/update-flake-lock@v27
        with:
          pr-title: "Update Nix flake inputs" # Title of PR to be created
          pr-labels: | # Labels to be set on the PR
            dependencies
            automated
          token: ${{ steps.generate-token.outputs.token }}
